{
  "name": "openclaw-memory-docs",
  "version": "0.1.0",
  "lockfileVersion": 3,
  "requires": true,
  "packages": {
    "": {
      "name": "openclaw-memory-docs",
      "version": "0.1.0",
      "dependencies": {
        "@elvatis_com/openclaw-memory-core": "file:../openclaw-memory-core"
      }
    },
    "../openclaw-memory-core": {
      "name": "@elvatis_com/openclaw-memory-core",
      "version": "0.1.0",
      "license": "MIT",
      "devDependencies": {
        "@types/node": "^22.0.0",
        "typescript": "^5.6.0",
        "vitest": "^2.1.0"
      }
    },
    "node_modules/@elvatis_com/openclaw-memory-core": {
      "resolved": "../openclaw-memory-core",
      "link": true
    }
  }
}
